{
  "name": "nanning-tractor-poker-game",
  "version": "1.0.0",
  "lockfileVersion": 1,
  "requires": true,
  "dependencies": {
    "serve": {
      "version": "14.0.1",
      "resolved": "https://registry.npmjs.org/serve/-/serve-14.0.1.tgz",
      "integrity": "sha512-K5Wx4E/3DL+NEmJgG1NYb3nC8K2gmdyXvQGFuQ3KkIzXVVZCNF/NkXfPfI/NBSi5DOO8Zoj4v29SICmChy/O3A==",
      "requires": {
        "accepts": "^1.3.5",
        "array-flatten": "^1.1.1",
        "basic-auth": "^2.0.1",
        "content-disposition": "^0.5.3",
        "cookie": "^0.4.1",
        "debug": "^4.3.2",
        "escape-html": "^1.0.3",
        "finalhandler": "^1.1.2",
        "fresh": "^0.5.2",
        "http-errors": "^1.7.3",
        "merge-descriptors": "^1.0.1",
        "methods": "^1.1.2",
        "mime": "^1.6.0",
        "parseurl": "^1.3.3",
        "path-to-regexp": "^0.1.7",
        "proxy-addr": "^2.0.6",
        "range-parser": "^1.2.1",
        "send": "^0.17.1",
        "serve-static": "^1.14.1",
        "setprototypeof": "^1.2.0",
        "statuses": "^2.0.1",
        "utils-merge": "^1.0.1"
      }
    }
  }
}
